
Microsoft Visual Studio Solution File, Format Version 12.00
# Visual Studio Version 17
VisualStudioVersion = 17.3.32929.385
MinimumVisualStudioVersion = 10.0.40219.1
Project("{FAE04EC0-301F-11D3-BF4B-00C04F79EFBC}") = "MO-2 Nelder-Mead", "MO-2 Nelder-Mead\MO-2 Nelder-Mead.csproj", "{5119C3DF-6EC7-49EF-9502-CEA3E4870665}"
EndProject
Global
	GlobalSection(SolutionConfigurationPlatforms) = preSolution
		Debug|Any CPU = Debug|Any CPU
		Release|Any CPU = Release|Any CPU
	EndGlobalSection
	GlobalSection(ProjectConfigurationPlatforms) = postSolution
		{5119C3DF-6EC7-49EF-9502-CEA3E4870665}.Debug|Any CPU.ActiveCfg = Debug|Any CPU
		{5119C3DF-6EC7-49EF-9502-CEA3E4870665}.Debug|Any CPU.Build.0 = Debug|Any CPU
		{5119C3DF-6EC7-49EF-9502-CEA3E4870665}.Release|Any CPU.ActiveCfg = Release|Any CPU
		{5119C3DF-6EC7-49EF-9502-CEA3E4870665}.Release|Any CPU.Build.0 = Release|Any CPU
	EndGlobalSection
	GlobalSection(SolutionProperties) = preSolution
		HideSolutionNode = FALSE
	EndGlobalSection
	GlobalSection(ExtensibilityGlobals) = postSolution
		SolutionGuid = {7BF9B509-518D-4EF7-80ED-0A3A4D3D1503}
	EndGlobalSection
EndGlobal
